
Microsoft Visual Studio Solution File, Format Version 12.00
# Visual Studio Version 16
VisualStudioVersion = 25.0.1703.6
MinimumVisualStudioVersion = 10.0.40219.1
Project("{FAE04EC0-301F-11D3-BF4B-00C04F79EFBC}") = "MyXamarinApp.Android", "MyXamarinApp\MyXamarinApp.Android\MyXamarinApp.Android.csproj", "{866F3E6C-309A-40D3-8896-EFC170282455}"
EndProject
Project("{FAE04EC0-301F-11D3-BF4B-00C04F79EFBC}") = "MyXamarinApp.iOS", "MyXamarinApp\MyXamarinApp.iOS\MyXamarinApp.iOS.csproj", "{D45FC430-D807-4839-8207-55675E36C17E}"
EndProject
Project("{FAE04EC0-301F-11D3-BF4B-00C04F79EFBC}") = "MyXamarinApp", "MyXamarinApp\MyXamarinApp\MyXamarinApp.csproj", "{44D034DB-EE9A-4220-B9A1-ADF265A32D1A}"
EndProject
Global
	GlobalSection(SolutionConfigurationPlatforms) = preSolution
		Debug|Any CPU = Debug|Any CPU
		Release|Any CPU = Release|Any CPU
		Debug|iPhoneSimulator = Debug|iPhoneSimulator
		Release|iPhoneSimulator = Release|iPhoneSimulator
		Debug|iPhone = Debug|iPhone
		Release|iPhone = Release|iPhone
	EndGlobalSection
	GlobalSection(ProjectConfigurationPlatforms) = postSolution
		{866F3E6C-309A-40D3-8896-EFC170282455}.Debug|Any CPU.ActiveCfg = Debug|Any CPU
		{866F3E6C-309A-40D3-8896-EFC170282455}.Debug|Any CPU.Build.0 = Debug|Any CPU
		{866F3E6C-309A-40D3-8896-EFC170282455}.Release|Any CPU.ActiveCfg = Release|Any CPU
		{866F3E6C-309A-40D3-8896-EFC170282455}.Release|Any CPU.Build.0 = Release|Any CPU
		{866F3E6C-309A-40D3-8896-EFC170282455}.Debug|iPhoneSimulator.ActiveCfg = Debug|Any CPU
		{866F3E6C-309A-40D3-8896-EFC170282455}.Debug|iPhoneSimulator.Build.0 = Debug|Any CPU
		{866F3E6C-309A-40D3-8896-EFC170282455}.Release|iPhoneSimulator.ActiveCfg = Release|Any CPU
		{866F3E6C-309A-40D3-8896-EFC170282455}.Release|iPhoneSimulator.Build.0 = Release|Any CPU
		{866F3E6C-309A-40D3-8896-EFC170282455}.Debug|iPhone.ActiveCfg = Debug|Any CPU
		{866F3E6C-309A-40D3-8896-EFC170282455}.Debug|iPhone.Build.0 = Debug|Any CPU
		{866F3E6C-309A-40D3-8896-EFC170282455}.Release|iPhone.ActiveCfg = Release|Any CPU
		{866F3E6C-309A-40D3-8896-EFC170282455}.Release|iPhone.Build.0 = Release|Any CPU
		{D45FC430-D807-4839-8207-55675E36C17E}.Debug|Any CPU.ActiveCfg = Debug|iPhoneSimulator
		{D45FC430-D807-4839-8207-55675E36C17E}.Debug|Any CPU.Build.0 = Debug|iPhoneSimulator
		{D45FC430-D807-4839-8207-55675E36C17E}.Release|Any CPU.ActiveCfg = Release|iPhoneSimulator
		{D45FC430-D807-4839-8207-55675E36C17E}.Release|Any CPU.Build.0 = Release|iPhoneSimulator
		{D45FC430-D807-4839-8207-55675E36C17E}.Debug|iPhoneSimulator.ActiveCfg = Debug|iPhoneSimulator
		{D45FC430-D807-4839-8207-55675E36C17E}.Debug|iPhoneSimulator.Build.0 = Debug|iPhoneSimulator
		{D45FC430-D807-4839-8207-55675E36C17E}.Release|iPhoneSimulator.ActiveCfg = Release|iPhoneSimulator
		{D45FC430-D807-4839-8207-55675E36C17E}.Release|iPhoneSimulator.Build.0 = Release|iPhoneSimulator
		{D45FC430-D807-4839-8207-55675E36C17E}.Debug|iPhone.ActiveCfg = Debug|iPhone
		{D45FC430-D807-4839-8207-55675E36C17E}.Debug|iPhone.Build.0 = Debug|iPhone
		{D45FC430-D807-4839-8207-55675E36C17E}.Release|iPhone.ActiveCfg = Release|iPhone
		{D45FC430-D807-4839-8207-55675E36C17E}.Release|iPhone.Build.0 = Release|iPhone
		{44D034DB-EE9A-4220-B9A1-ADF265A32D1A}.Debug|Any CPU.ActiveCfg = Debug|Any CPU
		{44D034DB-EE9A-4220-B9A1-ADF265A32D1A}.Debug|Any CPU.Build.0 = Debug|Any CPU
		{44D034DB-EE9A-4220-B9A1-ADF265A32D1A}.Release|Any CPU.ActiveCfg = Release|Any CPU
		{44D034DB-EE9A-4220-B9A1-ADF265A32D1A}.Release|Any CPU.Build.0 = Release|Any CPU
		{44D034DB-EE9A-4220-B9A1-ADF265A32D1A}.Debug|iPhoneSimulator.ActiveCfg = Debug|Any CPU
		{44D034DB-EE9A-4220-B9A1-ADF265A32D1A}.Debug|iPhoneSimulator.Build.0 = Debug|Any CPU
		{44D034DB-EE9A-4220-B9A1-ADF265A32D1A}.Release|iPhoneSimulator.ActiveCfg = Release|Any CPU
		{44D034DB-EE9A-4220-B9A1-ADF265A32D1A}.Release|iPhoneSimulator.Build.0 = Release|Any CPU
		{44D034DB-EE9A-4220-B9A1-ADF265A32D1A}.Debug|iPhone.ActiveCfg = Debug|Any CPU
		{44D034DB-EE9A-4220-B9A1-ADF265A32D1A}.Debug|iPhone.Build.0 = Debug|Any CPU
		{44D034DB-EE9A-4220-B9A1-ADF265A32D1A}.Release|iPhone.ActiveCfg = Release|Any CPU
		{44D034DB-EE9A-4220-B9A1-ADF265A32D1A}.Release|iPhone.Build.0 = Release|Any CPU
	EndGlobalSection
	GlobalSection(SolutionProperties) = preSolution
		HideSolutionNode = FALSE
	EndGlobalSection
	GlobalSection(ExtensibilityGlobals) = postSolution
		SolutionGuid = {68FF8EB7-F580-4865-A201-691F57849CA5}
	EndGlobalSection
EndGlobal
